
Microsoft Visual Studio Solution File, Format Version 12.00
# Visual Studio 15
VisualStudioVersion = 15.0.28010.2041
MinimumVisualStudioVersion = 10.0.40219.1
Project("{FAE04EC0-301F-11D3-BF4B-00C04F79EFBC}") = "ChessRatings.Android", "ChessRatings\ChessRatings.Android\ChessRatings.Android.csproj", "{32B6348D-4A14-4907-8F2B-D745B467B709}"
EndProject
Project("{FAE04EC0-301F-11D3-BF4B-00C04F79EFBC}") = "ChessRatings.iOS", "ChessRatings\ChessRatings.iOS\ChessRatings.iOS.csproj", "{8F34BD9A-F063-4E1E-8046-F3C9CB2AA470}"
EndProject
Project("{FAE04EC0-301F-11D3-BF4B-00C04F79EFBC}") = "ChessRatings.UWP", "ChessRatings\ChessRatings.UWP\ChessRatings.UWP.csproj", "{7A1A37FD-B045-4FF3-A997-E0261B3ADA7A}"
EndProject
Project("{FAE04EC0-301F-11D3-BF4B-00C04F79EFBC}") = "ChessRatings", "ChessRatings\ChessRatings\ChessRatings.csproj", "{3503C077-A6A9-4281-9840-BB388B081773}"
EndProject
Global
	GlobalSection(SolutionConfigurationPlatforms) = preSolution
		Ad-Hoc|Any CPU = Ad-Hoc|Any CPU
		Ad-Hoc|ARM = Ad-Hoc|ARM
		Ad-Hoc|iPhone = Ad-Hoc|iPhone
		Ad-Hoc|iPhoneSimulator = Ad-Hoc|iPhoneSimulator
		Ad-Hoc|x64 = Ad-Hoc|x64
		Ad-Hoc|x86 = Ad-Hoc|x86
		AppStore|Any CPU = AppStore|Any CPU
		AppStore|ARM = AppStore|ARM
		AppStore|iPhone = AppStore|iPhone
		AppStore|iPhoneSimulator = AppStore|iPhoneSimulator
		AppStore|x64 = AppStore|x64
		AppStore|x86 = AppStore|x86
		Debug|Any CPU = Debug|Any CPU
		Debug|ARM = Debug|ARM
		Debug|iPhone = Debug|iPhone
		Debug|iPhoneSimulator = Debug|iPhoneSimulator
		Debug|x64 = Debug|x64
		Debug|x86 = Debug|x86
		Release|Any CPU = Release|Any CPU
		Release|ARM = Release|ARM
		Release|iPhone = Release|iPhone
		Release|iPhoneSimulator = Release|iPhoneSimulator
		Release|x64 = Release|x64
		Release|x86 = Release|x86
	EndGlobalSection
	GlobalSection(ProjectConfigurationPlatforms) = postSolution
		{32B6348D-4A14-4907-8F2B-D745B467B709}.Ad-Hoc|Any CPU.ActiveCfg = Release|Any CPU
		{32B6348D-4A14-4907-8F2B-D745B467B709}.Ad-Hoc|Any CPU.Build.0 = Release|Any CPU
		{32B6348D-4A14-4907-8F2B-D745B467B709}.Ad-Hoc|Any CPU.Deploy.0 = Release|Any CPU
		{32B6348D-4A14-4907-8F2B-D745B467B709}.Ad-Hoc|ARM.ActiveCfg = Release|Any CPU
		{32B6348D-4A14-4907-8F2B-D745B467B709}.Ad-Hoc|ARM.Build.0 = Release|Any CPU
		{32B6348D-4A14-4907-8F2B-D745B467B709}.Ad-Hoc|ARM.Deploy.0 = Release|Any CPU
		{32B6348D-4A14-4907-8F2B-D745B467B709}.Ad-Hoc|iPhone.ActiveCfg = Release|Any CPU
		{32B6348D-4A14-4907-8F2B-D745B467B709}.Ad-Hoc|iPhone.Build.0 = Release|Any CPU
		{32B6348D-4A14-4907-8F2B-D745B467B709}.Ad-Hoc|iPhone.Deploy.0 = Release|Any CPU
		{32B6348D-4A14-4907-8F2B-D745B467B709}.Ad-Hoc|iPhoneSimulator.ActiveCfg = Release|Any CPU
		{32B6348D-4A14-4907-8F2B-D745B467B709}.Ad-Hoc|iPhoneSimulator.Build.0 = Release|Any CPU
		{32B6348D-4A14-4907-8F2B-D745B467B709}.Ad-Hoc|iPhoneSimulator.Deploy.0 = Release|Any CPU
		{32B6348D-4A14-4907-8F2B-D745B467B709}.Ad-Hoc|x64.ActiveCfg = Release|Any CPU
		{32B6348D-4A14-4907-8F2B-D745B467B709}.Ad-Hoc|x64.Build.0 = Release|Any CPU
		{32B6348D-4A14-4907-8F2B-D745B467B709}.Ad-Hoc|x64.Deploy.0 = Release|Any CPU
		{32B6348D-4A14-4907-8F2B-D745B467B709}.Ad-Hoc|x86.ActiveCfg = Release|Any CPU
		{32B6348D-4A14-4907-8F2B-D745B467B709}.Ad-Hoc|x86.Build.0 = Release|Any CPU
		{32B6348D-4A14-4907-8F2B-D745B467B709}.Ad-Hoc|x86.Deploy.0 = Release|Any CPU
		{32B6348D-4A14-4907-8F2B-D745B467B709}.AppStore|Any CPU.ActiveCfg = Release|Any CPU
		{32B6348D-4A14-4907-8F2B-D745B467B709}.AppStore|Any CPU.Build.0 = Release|Any CPU
		{32B6348D-4A14-4907-8F2B-D745B467B709}.AppStore|Any CPU.Deploy.0 = Release|Any CPU
		{32B6348D-4A14-4907-8F2B-D745B467B709}.AppStore|ARM.ActiveCfg = Release|Any CPU
		{32B6348D-4A14-4907-8F2B-D745B467B709}.AppStore|ARM.Build.0 = Release|Any CPU
		{32B6348D-4A14-4907-8F2B-D745B467B709}.AppStore|ARM.Deploy.0 = Release|Any CPU
		{32B6348D-4A14-4907-8F2B-D745B467B709}.AppStore|iPhone.ActiveCfg = Release|Any CPU
		{32B6348D-4A14-4907-8F2B-D745B467B709}.AppStore|iPhone.Build.0 = Release|Any CPU
		{32B6348D-4A14-4907-8F2B-D745B467B709}.AppStore|iPhone.Deploy.0 = Release|Any CPU
		{32B6348D-4A14-4907-8F2B-D745B467B709}.AppStore|iPhoneSimulator.ActiveCfg = Release|Any CPU
		{32B6348D-4A14-4907-8F2B-D745B467B709}.AppStore|iPhoneSimulator.Build.0 = Release|Any CPU
		{32B6348D-4A14-4907-8F2B-D745B467B709}.AppStore|iPhoneSimulator.Deploy.0 = Release|Any CPU
		{32B6348D-4A14-4907-8F2B-D745B467B709}.AppStore|x64.ActiveCfg = Release|Any CPU
		{32B6348D-4A14-4907-8F2B-D745B467B709}.AppStore|x64.Build.0 = Release|Any CPU
		{32B6348D-4A14-4907-8F2B-D745B467B709}.AppStore|x64.Deploy.0 = Release|Any CPU
		{32B6348D-4A14-4907-8F2B-D745B467B709}.AppStore|x86.ActiveCfg = Release|Any CPU
		{32B6348D-4A14-4907-8F2B-D745B467B709}.AppStore|x86.Build.0 = Release|Any CPU
		{32B6348D-4A14-4907-8F2B-D745B467B709}.AppStore|x86.Deploy.0 = Release|Any CPU
		{32B6348D-4A14-4907-8F2B-D745B467B709}.Debug|Any CPU.ActiveCfg = Debug|Any CPU
		{32B6348D-4A14-4907-8F2B-D745B467B709}.Debug|Any CPU.Build.0 = Debug|Any CPU
		{32B6348D-4A14-4907-8F2B-D745B467B709}.Debug|Any CPU.Deploy.0 = Debug|Any CPU
		{32B6348D-4A14-4907-8F2B-D745B467B709}.Debug|ARM.ActiveCfg = Debug|Any CPU
		{32B6348D-4A14-4907-8F2B-D745B467B709}.Debug|ARM.Build.0 = Debug|Any CPU
		{32B6348D-4A14-4907-8F2B-D745B467B709}.Debug|ARM.Deploy.0 = Debug|Any CPU
		{32B6348D-4A14-4907-8F2B-D745B467B709}.Debug|iPhone.ActiveCfg = Debug|Any CPU
		{32B6348D-4A14-4907-8F2B-D745B467B709}.Debug|iPhone.Build.0 = Debug|Any CPU
		{32B6348D-4A14-4907-8F2B-D745B467B709}.Debug|iPhone.Deploy.0 = Debug|Any CPU
		{32B6348D-4A14-4907-8F2B-D745B467B709}.Debug|iPhoneSimulator.ActiveCfg = Debug|Any CPU
		{32B6348D-4A14-4907-8F2B-D745B467B709}.Debug|iPhoneSimulator.Build.0 = Debug|Any CPU
		{32B6348D-4A14-4907-8F2B-D745B467B709}.Debug|iPhoneSimulator.Deploy.0 = Debug|Any CPU
		{32B6348D-4A14-4907-8F2B-D745B467B709}.Debug|x64.ActiveCfg = Debug|Any CPU
		{32B6348D-4A14-4907-8F2B-D745B467B709}.Debug|x64.Build.0 = Debug|Any CPU
		{32B6348D-4A14-4907-8F2B-D745B467B709}.Debug|x64.Deploy.0 = Debug|Any CPU
		{32B6348D-4A14-4907-8F2B-D745B467B709}.Debug|x86.ActiveCfg = Debug|Any CPU
		{32B6348D-4A14-4907-8F2B-D745B467B709}.Debug|x86.Build.0 = Debug|Any CPU
		{32B6348D-4A14-4907-8F2B-D745B467B709}.Debug|x86.Deploy.0 = Debug|Any CPU
		{32B6348D-4A14-4907-8F2B-D745B467B709}.Release|Any CPU.ActiveCfg = Release|Any CPU
		{32B6348D-4A14-4907-8F2B-D745B467B709}.Release|Any CPU.Build.0 = Release|Any CPU
		{32B6348D-4A14-4907-8F2B-D745B467B709}.Release|Any CPU.Deploy.0 = Release|Any CPU
		{32B6348D-4A14-4907-8F2B-D745B467B709}.Release|ARM.ActiveCfg = Release|Any CPU
		{32B6348D-4A14-4907-8F2B-D745B467B709}.Release|ARM.Build.0 = Release|Any CPU
		{32B6348D-4A14-4907-8F2B-D745B467B709}.Release|ARM.Deploy.0 = Release|Any CPU
		{32B6348D-4A14-4907-8F2B-D745B467B709}.Release|iPhone.ActiveCfg = Release|Any CPU
		{32B6348D-4A14-4907-8F2B-D745B467B709}.Release|iPhone.Build.0 = Release|Any CPU
		{32B6348D-4A14-4907-8F2B-D745B467B709}.Release|iPhone.Deploy.0 = Release|Any CPU
		{32B6348D-4A14-4907-8F2B-D745B467B709}.Release|iPhoneSimulator.ActiveCfg = Release|Any CPU
		{32B6348D-4A14-4907-8F2B-D745B467B709}.Release|iPhoneSimulator.Build.0 = Release|Any CPU
		{32B6348D-4A14-4907-8F2B-D745B467B709}.Release|iPhoneSimulator.Deploy.0 = Release|Any CPU
		{32B6348D-4A14-4907-8F2B-D745B467B709}.Release|x64.ActiveCfg = Release|Any CPU
		{32B6348D-4A14-4907-8F2B-D745B467B709}.Release|x64.Build.0 = Release|Any CPU
		{32B6348D-4A14-4907-8F2B-D745B467B709}.Release|x64.Deploy.0 = Release|Any CPU
		{32B6348D-4A14-4907-8F2B-D745B467B709}.Release|x86.ActiveCfg = Release|Any CPU
		{32B6348D-4A14-4907-8F2B-D745B467B709}.Release|x86.Build.0 = Release|Any CPU
		{32B6348D-4A14-4907-8F2B-D745B467B709}.Release|x86.Deploy.0 = Release|Any CPU
		{8F34BD9A-F063-4E1E-8046-F3C9CB2AA470}.Ad-Hoc|Any CPU.ActiveCfg = Ad-Hoc|iPhone
		{8F34BD9A-F063-4E1E-8046-F3C9CB2AA470}.Ad-Hoc|Any CPU.Build.0 = Ad-Hoc|iPhone
		{8F34BD9A-F063-4E1E-8046-F3C9CB2AA470}.Ad-Hoc|Any CPU.Deploy.0 = Ad-Hoc|iPhone
		{8F34BD9A-F063-4E1E-8046-F3C9CB2AA470}.Ad-Hoc|ARM.ActiveCfg = Ad-Hoc|iPhone
		{8F34BD9A-F063-4E1E-8046-F3C9CB2AA470}.Ad-Hoc|ARM.Build.0 = Ad-Hoc|iPhone
		{8F34BD9A-F063-4E1E-8046-F3C9CB2AA470}.Ad-Hoc|ARM.Deploy.0 = Ad-Hoc|iPhone
		{8F34BD9A-F063-4E1E-8046-F3C9CB2AA470}.Ad-Hoc|iPhone.ActiveCfg = Ad-Hoc|iPhone
		{8F34BD9A-F063-4E1E-8046-F3C9CB2AA470}.Ad-Hoc|iPhone.Build.0 = Ad-Hoc|iPhone
		{8F34BD9A-F063-4E1E-8046-F3C9CB2AA470}.Ad-Hoc|iPhone.Deploy.0 = Ad-Hoc|iPhone
		{8F34BD9A-F063-4E1E-8046-F3C9CB2AA470}.Ad-Hoc|iPhoneSimulator.ActiveCfg = Ad-Hoc|iPhoneSimulator
		{8F34BD9A-F063-4E1E-8046-F3C9CB2AA470}.Ad-Hoc|iPhoneSimulator.Build.0 = Ad-Hoc|iPhoneSimulator
		{8F34BD9A-F063-4E1E-8046-F3C9CB2AA470}.Ad-Hoc|iPhoneSimulator.Deploy.0 = Ad-Hoc|iPhoneSimulator
		{8F34BD9A-F063-4E1E-8046-F3C9CB2AA470}.Ad-Hoc|x64.ActiveCfg = Ad-Hoc|iPhone
		{8F34BD9A-F063-4E1E-8046-F3C9CB2AA470}.Ad-Hoc|x64.Build.0 = Ad-Hoc|iPhone
		{8F34BD9A-F063-4E1E-8046-F3C9CB2AA470}.Ad-Hoc|x64.Deploy.0 = Ad-Hoc|iPhone
		{8F34BD9A-F063-4E1E-8046-F3C9CB2AA470}.Ad-Hoc|x86.ActiveCfg = Ad-Hoc|iPhone
		{8F34BD9A-F063-4E1E-8046-F3C9CB2AA470}.Ad-Hoc|x86.Build.0 = Ad-Hoc|iPhone
		{8F34BD9A-F063-4E1E-8046-F3C9CB2AA470}.Ad-Hoc|x86.Deploy.0 = Ad-Hoc|iPhone
		{8F34BD9A-F063-4E1E-8046-F3C9CB2AA470}.AppStore|Any CPU.ActiveCfg = AppStore|iPhone
		{8F34BD9A-F063-4E1E-8046-F3C9CB2AA470}.AppStore|Any CPU.Build.0 = AppStore|iPhone
		{8F34BD9A-F063-4E1E-8046-F3C9CB2AA470}.AppStore|Any CPU.Deploy.0 = AppStore|iPhone
		{8F34BD9A-F063-4E1E-8046-F3C9CB2AA470}.AppStore|ARM.ActiveCfg = AppStore|iPhone
		{8F34BD9A-F063-4E1E-8046-F3C9CB2AA470}.AppStore|ARM.Build.0 = AppStore|iPhone
		{8F34BD9A-F063-4E1E-8046-F3C9CB2AA470}.AppStore|ARM.Deploy.0 = AppStore|iPhone
		{8F34BD9A-F063-4E1E-8046-F3C9CB2AA470}.AppStore|iPhone.ActiveCfg = AppStore|iPhone
		{8F34BD9A-F063-4E1E-8046-F3C9CB2AA470}.AppStore|iPhone.Build.0 = AppStore|iPhone
		{8F34BD9A-F063-4E1E-8046-F3C9CB2AA470}.AppStore|iPhone.Deploy.0 = AppStore|iPhone
		{8F34BD9A-F063-4E1E-8046-F3C9CB2AA470}.AppStore|iPhoneSimulator.ActiveCfg = AppStore|iPhoneSimulator
		{8F34BD9A-F063-4E1E-8046-F3C9CB2AA470}.AppStore|iPhoneSimulator.Build.0 = AppStore|iPhoneSimulator
		{8F34BD9A-F063-4E1E-8046-F3C9CB2AA470}.AppStore|iPhoneSimulator.Deploy.0 = AppStore|iPhoneSimulator
		{8F34BD9A-F063-4E1E-8046-F3C9CB2AA470}.AppStore|x64.ActiveCfg = AppStore|iPhone
		{8F34BD9A-F063-4E1E-8046-F3C9CB2AA470}.AppStore|x64.Build.0 = AppStore|iPhone
		{8F34BD9A-F063-4E1E-8046-F3C9CB2AA470}.AppStore|x64.Deploy.0 = AppStore|iPhone
		{8F34BD9A-F063-4E1E-8046-F3C9CB2AA470}.AppStore|x86.ActiveCfg = AppStore|iPhone
		{8F34BD9A-F063-4E1E-8046-F3C9CB2AA470}.AppStore|x86.Build.0 = AppStore|iPhone
		{8F34BD9A-F063-4E1E-8046-F3C9CB2AA470}.AppStore|x86.Deploy.0 = AppStore|iPhone
		{8F34BD9A-F063-4E1E-8046-F3C9CB2AA470}.Debug|Any CPU.ActiveCfg = Debug|iPhoneSimulator
		{8F34BD9A-F063-4E1E-8046-F3C9CB2AA470}.Debug|Any CPU.Build.0 = Debug|iPhoneSimulator
		{8F34BD9A-F063-4E1E-8046-F3C9CB2AA470}.Debug|Any CPU.Deploy.0 = Debug|iPhoneSimulator
		{8F34BD9A-F063-4E1E-8046-F3C9CB2AA470}.Debug|ARM.ActiveCfg = Debug|iPhone
		{8F34BD9A-F063-4E1E-8046-F3C9CB2AA470}.Debug|ARM.Build.0 = Debug|iPhone
		{8F34BD9A-F063-4E1E-8046-F3C9CB2AA470}.Debug|ARM.Deploy.0 = Debug|iPhone
		{8F34BD9A-F063-4E1E-8046-F3C9CB2AA470}.Debug|iPhone.ActiveCfg = Debug|iPhone
		{8F34BD9A-F063-4E1E-8046-F3C9CB2AA470}.Debug|iPhone.Build.0 = Debug|iPhone
		{8F34BD9A-F063-4E1E-8046-F3C9CB2AA470}.Debug|iPhone.Deploy.0 = Debug|iPhone
		{8F34BD9A-F063-4E1E-8046-F3C9CB2AA470}.Debug|iPhoneSimulator.ActiveCfg = Debug|iPhoneSimulator
		{8F34BD9A-F063-4E1E-8046-F3C9CB2AA470}.Debug|iPhoneSimulator.Build.0 = Debug|iPhoneSimulator
		{8F34BD9A-F063-4E1E-8046-F3C9CB2AA470}.Debug|iPhoneSimulator.Deploy.0 = Debug|iPhoneSimulator
		{8F34BD9A-F063-4E1E-8046-F3C9CB2AA470}.Debug|x64.ActiveCfg = Debug|iPhone
		{8F34BD9A-F063-4E1E-8046-F3C9CB2AA470}.Debug|x64.Build.0 = Debug|iPhone
		{8F34BD9A-F063-4E1E-8046-F3C9CB2AA470}.Debug|x64.Deploy.0 = Debug|iPhone
		{8F34BD9A-F063-4E1E-8046-F3C9CB2AA470}.Debug|x86.ActiveCfg = Debug|iPhone
		{8F34BD9A-F063-4E1E-8046-F3C9CB2AA470}.Debug|x86.Build.0 = Debug|iPhone
		{8F34BD9A-F063-4E1E-8046-F3C9CB2AA470}.Debug|x86.Deploy.0 = Debug|iPhone
		{8F34BD9A-F063-4E1E-8046-F3C9CB2AA470}.Release|Any CPU.ActiveCfg = Release|iPhone
		{8F34BD9A-F063-4E1E-8046-F3C9CB2AA470}.Release|Any CPU.Build.0 = Release|iPhone
		{8F34BD9A-F063-4E1E-8046-F3C9CB2AA470}.Release|Any CPU.Deploy.0 = Release|iPhone
		{8F34BD9A-F063-4E1E-8046-F3C9CB2AA470}.Release|ARM.ActiveCfg = Release|iPhone
		{8F34BD9A-F063-4E1E-8046-F3C9CB2AA470}.Release|ARM.Build.0 = Release|iPhone
		{8F34BD9A-F063-4E1E-8046-F3C9CB2AA470}.Release|ARM.Deploy.0 = Release|iPhone
		{8F34BD9A-F063-4E1E-8046-F3C9CB2AA470}.Release|iPhone.ActiveCfg = Release|iPhone
		{8F34BD9A-F063-4E1E-8046-F3C9CB2AA470}.Release|iPhone.Build.0 = Release|iPhone
		{8F34BD9A-F063-4E1E-8046-F3C9CB2AA470}.Release|iPhone.Deploy.0 = Release|iPhone
		{8F34BD9A-F063-4E1E-8046-F3C9CB2AA470}.Release|iPhoneSimulator.ActiveCfg = Release|iPhoneSimulator
		{8F34BD9A-F063-4E1E-8046-F3C9CB2AA470}.Release|iPhoneSimulator.Build.0 = Release|iPhoneSimulator
		{8F34BD9A-F063-4E1E-8046-F3C9CB2AA470}.Release|iPhoneSimulator.Deploy.0 = Release|iPhoneSimulator
		{8F34BD9A-F063-4E1E-8046-F3C9CB2AA470}.Release|x64.ActiveCfg = Release|iPhone
		{8F34BD9A-F063-4E1E-8046-F3C9CB2AA470}.Release|x64.Build.0 = Release|iPhone
		{8F34BD9A-F063-4E1E-8046-F3C9CB2AA470}.Release|x64.Deploy.0 = Release|iPhone
		{8F34BD9A-F063-4E1E-8046-F3C9CB2AA470}.Release|x86.ActiveCfg = Release|iPhone
		{8F34BD9A-F063-4E1E-8046-F3C9CB2AA470}.Release|x86.Build.0 = Release|iPhone
		{8F34BD9A-F063-4E1E-8046-F3C9CB2AA470}.Release|x86.Deploy.0 = Release|iPhone
		{7A1A37FD-B045-4FF3-A997-E0261B3ADA7A}.Ad-Hoc|Any CPU.ActiveCfg = Release|x86
		{7A1A37FD-B045-4FF3-A997-E0261B3ADA7A}.Ad-Hoc|Any CPU.Build.0 = Release|x86
		{7A1A37FD-B045-4FF3-A997-E0261B3ADA7A}.Ad-Hoc|Any CPU.Deploy.0 = Release|x86
		{7A1A37FD-B045-4FF3-A997-E0261B3ADA7A}.Ad-Hoc|ARM.ActiveCfg = Release|ARM
		{7A1A37FD-B045-4FF3-A997-E0261B3ADA7A}.Ad-Hoc|ARM.Build.0 = Release|ARM
		{7A1A37FD-B045-4FF3-A997-E0261B3ADA7A}.Ad-Hoc|ARM.Deploy.0 = Release|ARM
		{7A1A37FD-B045-4FF3-A997-E0261B3ADA7A}.Ad-Hoc|iPhone.ActiveCfg = Release|x86
		{7A1A37FD-B045-4FF3-A997-E0261B3ADA7A}.Ad-Hoc|iPhone.Build.0 = Release|x86
		{7A1A37FD-B045-4FF3-A997-E0261B3ADA7A}.Ad-Hoc|iPhone.Deploy.0 = Release|x86
		{7A1A37FD-B045-4FF3-A997-E0261B3ADA7A}.Ad-Hoc|iPhoneSimulator.ActiveCfg = Release|x86
		{7A1A37FD-B045-4FF3-A997-E0261B3ADA7A}.Ad-Hoc|iPhoneSimulator.Build.0 = Release|x86
		{7A1A37FD-B045-4FF3-A997-E0261B3ADA7A}.Ad-Hoc|iPhoneSimulator.Deploy.0 = Release|x86
		{7A1A37FD-B045-4FF3-A997-E0261B3ADA7A}.Ad-Hoc|x64.ActiveCfg = Release|x64
		{7A1A37FD-B045-4FF3-A997-E0261B3ADA7A}.Ad-Hoc|x64.Build.0 = Release|x64
		{7A1A37FD-B045-4FF3-A997-E0261B3ADA7A}.Ad-Hoc|x64.Deploy.0 = Release|x64
		{7A1A37FD-B045-4FF3-A997-E0261B3ADA7A}.Ad-Hoc|x86.ActiveCfg = Release|x86
		{7A1A37FD-B045-4FF3-A997-E0261B3ADA7A}.Ad-Hoc|x86.Build.0 = Release|x86
		{7A1A37FD-B045-4FF3-A997-E0261B3ADA7A}.Ad-Hoc|x86.Deploy.0 = Release|x86
		{7A1A37FD-B045-4FF3-A997-E0261B3ADA7A}.AppStore|Any CPU.ActiveCfg = Release|x86
		{7A1A37FD-B045-4FF3-A997-E0261B3ADA7A}.AppStore|Any CPU.Build.0 = Release|x86
		{7A1A37FD-B045-4FF3-A997-E0261B3ADA7A}.AppStore|Any CPU.Deploy.0 = Release|x86
		{7A1A37FD-B045-4FF3-A997-E0261B3ADA7A}.AppStore|ARM.ActiveCfg = Release|ARM
		{7A1A37FD-B045-4FF3-A997-E0261B3ADA7A}.AppStore|ARM.Build.0 = Release|ARM
		{7A1A37FD-B045-4FF3-A997-E0261B3ADA7A}.AppStore|ARM.Deploy.0 = Release|ARM
		{7A1A37FD-B045-4FF3-A997-E0261B3ADA7A}.AppStore|iPhone.ActiveCfg = Release|x86
		{7A1A37FD-B045-4FF3-A997-E0261B3ADA7A}.AppStore|iPhone.Build.0 = Release|x86
		{7A1A37FD-B045-4FF3-A997-E0261B3ADA7A}.AppStore|iPhone.Deploy.0 = Release|x86
		{7A1A37FD-B045-4FF3-A997-E0261B3ADA7A}.AppStore|iPhoneSimulator.ActiveCfg = Release|x86
		{7A1A37FD-B045-4FF3-A997-E0261B3ADA7A}.AppStore|iPhoneSimulator.Build.0 = Release|x86
		{7A1A37FD-B045-4FF3-A997-E0261B3ADA7A}.AppStore|iPhoneSimulator.Deploy.0 = Release|x86
		{7A1A37FD-B045-4FF3-A997-E0261B3ADA7A}.AppStore|x64.ActiveCfg = Release|x64
		{7A1A37FD-B045-4FF3-A997-E0261B3ADA7A}.AppStore|x64.Build.0 = Release|x64
		{7A1A37FD-B045-4FF3-A997-E0261B3ADA7A}.AppStore|x64.Deploy.0 = Release|x64
		{7A1A37FD-B045-4FF3-A997-E0261B3ADA7A}.AppStore|x86.ActiveCfg = Release|x86
		{7A1A37FD-B045-4FF3-A997-E0261B3ADA7A}.AppStore|x86.Build.0 = Release|x86
		{7A1A37FD-B045-4FF3-A997-E0261B3ADA7A}.AppStore|x86.Deploy.0 = Release|x86
		{7A1A37FD-B045-4FF3-A997-E0261B3ADA7A}.Debug|Any CPU.ActiveCfg = Debug|x86
		{7A1A37FD-B045-4FF3-A997-E0261B3ADA7A}.Debug|Any CPU.Build.0 = Debug|x86
		{7A1A37FD-B045-4FF3-A997-E0261B3ADA7A}.Debug|Any CPU.Deploy.0 = Debug|x86
		{7A1A37FD-B045-4FF3-A997-E0261B3ADA7A}.Debug|ARM.ActiveCfg = Debug|ARM
		{7A1A37FD-B045-4FF3-A997-E0261B3ADA7A}.Debug|ARM.Build.0 = Debug|ARM
		{7A1A37FD-B045-4FF3-A997-E0261B3ADA7A}.Debug|ARM.Deploy.0 = Debug|ARM
		{7A1A37FD-B045-4FF3-A997-E0261B3ADA7A}.Debug|iPhone.ActiveCfg = Debug|x86
		{7A1A37FD-B045-4FF3-A997-E0261B3ADA7A}.Debug|iPhone.Build.0 = Debug|x86
		{7A1A37FD-B045-4FF3-A997-E0261B3ADA7A}.Debug|iPhone.Deploy.0 = Debug|x86
		{7A1A37FD-B045-4FF3-A997-E0261B3ADA7A}.Debug|iPhoneSimulator.ActiveCfg = Debug|x86
		{7A1A37FD-B045-4FF3-A997-E0261B3ADA7A}.Debug|iPhoneSimulator.Build.0 = Debug|x86
		{7A1A37FD-B045-4FF3-A997-E0261B3ADA7A}.Debug|iPhoneSimulator.Deploy.0 = Debug|x86
		{7A1A37FD-B045-4FF3-A997-E0261B3ADA7A}.Debug|x64.ActiveCfg = Debug|x64
		{7A1A37FD-B045-4FF3-A997-E0261B3ADA7A}.Debug|x64.Build.0 = Debug|x64
		{7A1A37FD-B045-4FF3-A997-E0261B3ADA7A}.Debug|x64.Deploy.0 = Debug|x64
		{7A1A37FD-B045-4FF3-A997-E0261B3ADA7A}.Debug|x86.ActiveCfg = Debug|x86
		{7A1A37FD-B045-4FF3-A997-E0261B3ADA7A}.Debug|x86.Build.0 = Debug|x86
		{7A1A37FD-B045-4FF3-A997-E0261B3ADA7A}.Debug|x86.Deploy.0 = Debug|x86
		{7A1A37FD-B045-4FF3-A997-E0261B3ADA7A}.Release|Any CPU.ActiveCfg = Release|x86
		{7A1A37FD-B045-4FF3-A997-E0261B3ADA7A}.Release|Any CPU.Build.0 = Release|x86
		{7A1A37FD-B045-4FF3-A997-E0261B3ADA7A}.Release|Any CPU.Deploy.0 = Release|x86
		{7A1A37FD-B045-4FF3-A997-E0261B3ADA7A}.Release|ARM.ActiveCfg = Release|ARM
		{7A1A37FD-B045-4FF3-A997-E0261B3ADA7A}.Release|ARM.Build.0 = Release|ARM
		{7A1A37FD-B045-4FF3-A997-E0261B3ADA7A}.Release|ARM.Deploy.0 = Release|ARM
		{7A1A37FD-B045-4FF3-A997-E0261B3ADA7A}.Release|iPhone.ActiveCfg = Release|x86
		{7A1A37FD-B045-4FF3-A997-E0261B3ADA7A}.Release|iPhone.Build.0 = Release|x86
		{7A1A37FD-B045-4FF3-A997-E0261B3ADA7A}.Release|iPhone.Deploy.0 = Release|x86
		{7A1A37FD-B045-4FF3-A997-E0261B3ADA7A}.Release|iPhoneSimulator.ActiveCfg = Release|x86
		{7A1A37FD-B045-4FF3-A997-E0261B3ADA7A}.Release|iPhoneSimulator.Build.0 = Release|x86
		{7A1A37FD-B045-4FF3-A997-E0261B3ADA7A}.Release|iPhoneSimulator.Deploy.0 = Release|x86
		{7A1A37FD-B045-4FF3-A997-E0261B3ADA7A}.Release|x64.ActiveCfg = Release|x64
		{7A1A37FD-B045-4FF3-A997-E0261B3ADA7A}.Release|x64.Build.0 = Release|x64
		{7A1A37FD-B045-4FF3-A997-E0261B3ADA7A}.Release|x64.Deploy.0 = Release|x64
		{7A1A37FD-B045-4FF3-A997-E0261B3ADA7A}.Release|x86.ActiveCfg = Release|x86
		{7A1A37FD-B045-4FF3-A997-E0261B3ADA7A}.Release|x86.Build.0 = Release|x86
		{7A1A37FD-B045-4FF3-A997-E0261B3ADA7A}.Release|x86.Deploy.0 = Release|x86
		{3503C077-A6A9-4281-9840-BB388B081773}.Ad-Hoc|Any CPU.ActiveCfg = Debug|Any CPU
		{3503C077-A6A9-4281-9840-BB388B081773}.Ad-Hoc|Any CPU.Build.0 = Debug|Any CPU
		{3503C077-A6A9-4281-9840-BB388B081773}.Ad-Hoc|Any CPU.Deploy.0 = Debug|Any CPU
		{3503C077-A6A9-4281-9840-BB388B081773}.Ad-Hoc|ARM.ActiveCfg = Debug|Any CPU
		{3503C077-A6A9-4281-9840-BB388B081773}.Ad-Hoc|ARM.Build.0 = Debug|Any CPU
		{3503C077-A6A9-4281-9840-BB388B081773}.Ad-Hoc|ARM.Deploy.0 = Debug|Any CPU
		{3503C077-A6A9-4281-9840-BB388B081773}.Ad-Hoc|iPhone.ActiveCfg = Debug|Any CPU
		{3503C077-A6A9-4281-9840-BB388B081773}.Ad-Hoc|iPhone.Build.0 = Debug|Any CPU
		{3503C077-A6A9-4281-9840-BB388B081773}.Ad-Hoc|iPhone.Deploy.0 = Debug|Any CPU
		{3503C077-A6A9-4281-9840-BB388B081773}.Ad-Hoc|iPhoneSimulator.ActiveCfg = Debug|Any CPU
		{3503C077-A6A9-4281-9840-BB388B081773}.Ad-Hoc|iPhoneSimulator.Build.0 = Debug|Any CPU
		{3503C077-A6A9-4281-9840-BB388B081773}.Ad-Hoc|iPhoneSimulator.Deploy.0 = Debug|Any CPU
		{3503C077-A6A9-4281-9840-BB388B081773}.Ad-Hoc|x64.ActiveCfg = Debug|Any CPU
		{3503C077-A6A9-4281-9840-BB388B081773}.Ad-Hoc|x64.Build.0 = Debug|Any CPU
		{3503C077-A6A9-4281-9840-BB388B081773}.Ad-Hoc|x64.Deploy.0 = Debug|Any CPU
		{3503C077-A6A9-4281-9840-BB388B081773}.Ad-Hoc|x86.ActiveCfg = Debug|Any CPU
		{3503C077-A6A9-4281-9840-BB388B081773}.Ad-Hoc|x86.Build.0 = Debug|Any CPU
		{3503C077-A6A9-4281-9840-BB388B081773}.Ad-Hoc|x86.Deploy.0 = Debug|Any CPU
		{3503C077-A6A9-4281-9840-BB388B081773}.AppStore|Any CPU.ActiveCfg = Debug|Any CPU
		{3503C077-A6A9-4281-9840-BB388B081773}.AppStore|Any CPU.Build.0 = Debug|Any CPU
		{3503C077-A6A9-4281-9840-BB388B081773}.AppStore|Any CPU.Deploy.0 = Debug|Any CPU
		{3503C077-A6A9-4281-9840-BB388B081773}.AppStore|ARM.ActiveCfg = Debug|Any CPU
		{3503C077-A6A9-4281-9840-BB388B081773}.AppStore|ARM.Build.0 = Debug|Any CPU
		{3503C077-A6A9-4281-9840-BB388B081773}.AppStore|ARM.Deploy.0 = Debug|Any CPU
		{3503C077-A6A9-4281-9840-BB388B081773}.AppStore|iPhone.ActiveCfg = Debug|Any CPU
		{3503C077-A6A9-4281-9840-BB388B081773}.AppStore|iPhone.Build.0 = Debug|Any CPU
		{3503C077-A6A9-4281-9840-BB388B081773}.AppStore|iPhone.Deploy.0 = Debug|Any CPU
		{3503C077-A6A9-4281-9840-BB388B081773}.AppStore|iPhoneSimulator.ActiveCfg = Debug|Any CPU
		{3503C077-A6A9-4281-9840-BB388B081773}.AppStore|iPhoneSimulator.Build.0 = Debug|Any CPU
		{3503C077-A6A9-4281-9840-BB388B081773}.AppStore|iPhoneSimulator.Deploy.0 = Debug|Any CPU
		{3503C077-A6A9-4281-9840-BB388B081773}.AppStore|x64.ActiveCfg = Debug|Any CPU
		{3503C077-A6A9-4281-9840-BB388B081773}.AppStore|x64.Build.0 = Debug|Any CPU
		{3503C077-A6A9-4281-9840-BB388B081773}.AppStore|x64.Deploy.0 = Debug|Any CPU
		{3503C077-A6A9-4281-9840-BB388B081773}.AppStore|x86.ActiveCfg = Debug|Any CPU
		{3503C077-A6A9-4281-9840-BB388B081773}.AppStore|x86.Build.0 = Debug|Any CPU
		{3503C077-A6A9-4281-9840-BB388B081773}.AppStore|x86.Deploy.0 = Debug|Any CPU
		{3503C077-A6A9-4281-9840-BB388B081773}.Debug|Any CPU.ActiveCfg = Debug|Any CPU
		{3503C077-A6A9-4281-9840-BB388B081773}.Debug|Any CPU.Build.0 = Debug|Any CPU
		{3503C077-A6A9-4281-9840-BB388B081773}.Debug|Any CPU.Deploy.0 = Debug|Any CPU
		{3503C077-A6A9-4281-9840-BB388B081773}.Debug|ARM.ActiveCfg = Debug|Any CPU
		{3503C077-A6A9-4281-9840-BB388B081773}.Debug|ARM.Build.0 = Debug|Any CPU
		{3503C077-A6A9-4281-9840-BB388B081773}.Debug|ARM.Deploy.0 = Debug|Any CPU
		{3503C077-A6A9-4281-9840-BB388B081773}.Debug|iPhone.ActiveCfg = Debug|Any CPU
		{3503C077-A6A9-4281-9840-BB388B081773}.Debug|iPhone.Build.0 = Debug|Any CPU
		{3503C077-A6A9-4281-9840-BB388B081773}.Debug|iPhone.Deploy.0 = Debug|Any CPU
		{3503C077-A6A9-4281-9840-BB388B081773}.Debug|iPhoneSimulator.ActiveCfg = Debug|Any CPU
		{3503C077-A6A9-4281-9840-BB388B081773}.Debug|iPhoneSimulator.Build.0 = Debug|Any CPU
		{3503C077-A6A9-4281-9840-BB388B081773}.Debug|iPhoneSimulator.Deploy.0 = Debug|Any CPU
		{3503C077-A6A9-4281-9840-BB388B081773}.Debug|x64.ActiveCfg = Debug|Any CPU
		{3503C077-A6A9-4281-9840-BB388B081773}.Debug|x64.Build.0 = Debug|Any CPU
		{3503C077-A6A9-4281-9840-BB388B081773}.Debug|x64.Deploy.0 = Debug|Any CPU
		{3503C077-A6A9-4281-9840-BB388B081773}.Debug|x86.ActiveCfg = Debug|Any CPU
		{3503C077-A6A9-4281-9840-BB388B081773}.Debug|x86.Build.0 = Debug|Any CPU
		{3503C077-A6A9-4281-9840-BB388B081773}.Debug|x86.Deploy.0 = Debug|Any CPU
		{3503C077-A6A9-4281-9840-BB388B081773}.Release|Any CPU.ActiveCfg = Release|Any CPU
		{3503C077-A6A9-4281-9840-BB388B081773}.Release|Any CPU.Build.0 = Release|Any CPU
		{3503C077-A6A9-4281-9840-BB388B081773}.Release|Any CPU.Deploy.0 = Release|Any CPU
		{3503C077-A6A9-4281-9840-BB388B081773}.Release|ARM.ActiveCfg = Release|Any CPU
		{3503C077-A6A9-4281-9840-BB388B081773}.Release|ARM.Build.0 = Release|Any CPU
		{3503C077-A6A9-4281-9840-BB388B081773}.Release|ARM.Deploy.0 = Release|Any CPU
		{3503C077-A6A9-4281-9840-BB388B081773}.Release|iPhone.ActiveCfg = Release|Any CPU
		{3503C077-A6A9-4281-9840-BB388B081773}.Release|iPhone.Build.0 = Release|Any CPU
		{3503C077-A6A9-4281-9840-BB388B081773}.Release|iPhone.Deploy.0 = Release|Any CPU
		{3503C077-A6A9-4281-9840-BB388B081773}.Release|iPhoneSimulator.ActiveCfg = Release|Any CPU
		{3503C077-A6A9-4281-9840-BB388B081773}.Release|iPhoneSimulator.Build.0 = Release|Any CPU
		{3503C077-A6A9-4281-9840-BB388B081773}.Release|iPhoneSimulator.Deploy.0 = Release|Any CPU
		{3503C077-A6A9-4281-9840-BB388B081773}.Release|x64.ActiveCfg = Release|Any CPU
		{3503C077-A6A9-4281-9840-BB388B081773}.Release|x64.Build.0 = Release|Any CPU
		{3503C077-A6A9-4281-9840-BB388B081773}.Release|x64.Deploy.0 = Release|Any CPU
		{3503C077-A6A9-4281-9840-BB388B081773}.Release|x86.ActiveCfg = Release|Any CPU
		{3503C077-A6A9-4281-9840-BB388B081773}.Release|x86.Build.0 = Release|Any CPU
		{3503C077-A6A9-4281-9840-BB388B081773}.Release|x86.Deploy.0 = Release|Any CPU
	EndGlobalSection
	GlobalSection(SolutionProperties) = preSolution
		HideSolutionNode = FALSE
	EndGlobalSection
	GlobalSection(ExtensibilityGlobals) = postSolution
		SolutionGuid = {4DA816C5-854B-495B-8212-4EC54358610E}
	EndGlobalSection
EndGlobal
